
Microsoft Visual Studio Solution File, Format Version 12.00
Project("{FAE04EC0-301F-11D3-BF4B-00C04F79EFBC}") = "FortuneTeller", "FortuneTeller\FortuneTeller.csproj", "{D3CC7EDE-738D-4411-8B01-EBA89DD0AEF9}"
EndProject
Global
	GlobalSection(SolutionConfigurationPlatforms) = preSolution
		Debug|Any CPU = Debug|Any CPU
		Release|Any CPU = Release|Any CPU
	EndGlobalSection
	GlobalSection(ProjectConfigurationPlatforms) = postSolution
		{D3CC7EDE-738D-4411-8B01-EBA89DD0AEF9}.Debug|Any CPU.ActiveCfg = Debug|Any CPU
		{D3CC7EDE-738D-4411-8B01-EBA89DD0AEF9}.Debug|Any CPU.Build.0 = Debug|Any CPU
		{D3CC7EDE-738D-4411-8B01-EBA89DD0AEF9}.Release|Any CPU.ActiveCfg = Release|Any CPU
		{D3CC7EDE-738D-4411-8B01-EBA89DD0AEF9}.Release|Any CPU.Build.0 = Release|Any CPU
	EndGlobalSection
EndGlobal
